{
  "nodes": {
    "dwarffs": {
      "inputs": {
        "nix": "nix",
        "nixpkgs": [
          "dwarffs",
          "nix",
          "nixpkgs"
        ]
      },
      "locked": {
        "lastModified": 1692722907,
        "narHash": "sha256-CgPVVqALgqxOoZOgBZ0PD6qAuGpr9+YgwRPSMVfxoOM=",
        "owner": "edolstra",
        "repo": "dwarffs",
        "rev": "1ca3b9298931fc26a5e7d471d5ffee69b90f9ea1",
        "type": "github"
      },
      "original": {
        "owner": "edolstra",
        "repo": "dwarffs",
        "type": "github"
      }
    },
    "fenix": {
      "inputs": {
        "nixpkgs": [
          "nixpkgs"
        ],
        "rust-analyzer-src": "rust-analyzer-src"
      },
      "locked": {
        "lastModified": 1699424512,
        "narHash": "sha256-ysy/MYHkdEhqCSnc8oG9ZS054nCkJgHMORDb1o7NPL8=",
        "owner": "nix-community",
        "repo": "fenix",
        "rev": "dfaf3a97fe595a18bf9d55cda3416c17fe906f0f",
        "type": "github"
      },
      "original": {
        "owner": "nix-community",
        "repo": "fenix",
        "type": "github"
      }
    },
    "home-manager": {
      "inputs": {
        "nixpkgs": "nixpkgs_2"
      },
      "locked": {
        "lastModified": 1699368917,
        "narHash": "sha256-nUtGIWf86BOkUbtksWtfglvCZ/otP0FTZlQH8Rzc7PA=",
        "owner": "nix-community",
        "repo": "home-manager",
        "rev": "6a8444467c83c961e2f5ff64fb4f422e303c98d3",
        "type": "github"
      },
      "original": {
        "owner": "nix-community",
        "repo": "home-manager",
        "type": "github"
      }
    },
    "lowdown-src": {
      "flake": false,
      "locked": {
        "lastModified": 1633514407,
        "narHash": "sha256-Dw32tiMjdK9t3ETl5fzGrutQTzh2rufgZV4A/BbxuD4=",
        "owner": "kristapsdz",
        "repo": "lowdown",
        "rev": "d2c2b44ff6c27b936ec27358a2653caaef8f73b8",
        "type": "github"
      },
      "original": {
        "owner": "kristapsdz",
        "repo": "lowdown",
        "type": "github"
      }
    },
    "nix": {
      "inputs": {
        "lowdown-src": "lowdown-src",
        "nixpkgs": "nixpkgs",
        "nixpkgs-regression": "nixpkgs-regression"
      },
      "locked": {
        "lastModified": 1656108215,
        "narHash": "sha256-RzgcfbXxNWtt4BeJ/rPzHxR+l+wCfiauN4XTVnRLiy0=",
        "owner": "NixOS",
        "repo": "nix",
        "rev": "586fa707fca207dbd12e49800691390249bdcd03",
        "type": "github"
      },
      "original": {
        "id": "nix",
        "type": "indirect"
      }
    },
    "nixos-hardware": {
      "locked": {
        "lastModified": 1699159446,
        "narHash": "sha256-cL63IjsbPl2otS7R4kdXbVOJOXYMpGw5KGZoWgdCuCM=",
        "owner": "NixOS",
        "repo": "nixos-hardware",
        "rev": "627bc9b88256379578885a7028c9e791c29fb581",
        "type": "github"
      },
      "original": {
        "owner": "NixOS",
        "repo": "nixos-hardware",
        "type": "github"
      }
    },
    "nixos-repl-setup": {
      "flake": false,
      "locked": {
        "lastModified": 1690983242,
        "narHash": "sha256-67sobltlzVr4Fj/T+I9/vwbXR5hgquVScMzw1W4yk3A=",
        "owner": "schuelermine",
        "repo": "nixos-repl-setup",
        "rev": "f4f6bf0491dbe7cd9f30c06947fcd31e19a0a66f",
        "type": "github"
      },
      "original": {
        "owner": "schuelermine",
        "repo": "nixos-repl-setup",
        "type": "github"
      }
    },
    "nixpkgs": {
      "locked": {
        "lastModified": 1653988320,
        "narHash": "sha256-ZaqFFsSDipZ6KVqriwM34T739+KLYJvNmCWzErjAg7c=",
        "owner": "NixOS",
        "repo": "nixpkgs",
        "rev": "2fa57ed190fd6c7c746319444f34b5917666e5c1",
        "type": "github"
      },
      "original": {
        "owner": "NixOS",
        "ref": "nixos-22.05-small",
        "repo": "nixpkgs",
        "type": "github"
      }
    },
    "nixpkgs-regression": {
      "locked": {
        "lastModified": 1643052045,
        "narHash": "sha256-uGJ0VXIhWKGXxkeNnq4TvV3CIOkUJ3PAoLZ3HMzNVMw=",
        "owner": "NixOS",
        "repo": "nixpkgs",
        "rev": "215d4d0fd80ca5163643b03a33fde804a29cc1e2",
        "type": "github"
      },
      "original": {
        "owner": "NixOS",
        "repo": "nixpkgs",
        "rev": "215d4d0fd80ca5163643b03a33fde804a29cc1e2",
        "type": "github"
      }
    },
    "nixpkgs-vscode-lldb": {
      "locked": {
        "lastModified": 1696710090,
        "narHash": "sha256-kADep0wtV8lfPCLVLKGtt7FO1paW7+9FM97tAsJIEb8=",
        "owner": "schuelermine",
        "repo": "nixpkgs",
        "rev": "daaa8666869af787a5b61ae0a71d1558b263a8df",
        "type": "github"
      },
      "original": {
        "owner": "schuelermine",
        "ref": "patch/vscode-extensions.vadimcn.vscode-lldb/remove-custom-lldb",
        "repo": "nixpkgs",
        "type": "github"
      }
    },
    "nixpkgs_2": {
      "locked": {
        "lastModified": 1697456312,
        "narHash": "sha256-roiSnrqb5r+ehnKCauPLugoU8S36KgmWraHgRqVYndo=",
        "owner": "NixOS",
        "repo": "nixpkgs",
        "rev": "ca012a02bf8327be9e488546faecae5e05d7d749",
        "type": "github"
      },
      "original": {
        "owner": "NixOS",
        "ref": "nixos-unstable",
        "repo": "nixpkgs",
        "type": "github"
      }
    },
    "nixpkgs_3": {
      "locked": {
        "lastModified": 1699099776,
        "narHash": "sha256-X09iKJ27mGsGambGfkKzqvw5esP1L/Rf8H3u3fCqIiU=",
        "owner": "NixOS",
        "repo": "nixpkgs",
        "rev": "85f1ba3e51676fa8cc604a3d863d729026a6b8eb",
        "type": "github"
      },
      "original": {
        "owner": "NixOS",
        "ref": "nixos-unstable",
        "repo": "nixpkgs",
        "type": "github"
      }
    },
    "root": {
      "inputs": {
        "dwarffs": "dwarffs",
        "fenix": "fenix",
        "home-manager": "home-manager",
        "nixos-hardware": "nixos-hardware",
        "nixos-repl-setup": "nixos-repl-setup",
        "nixpkgs": "nixpkgs_3",
        "nixpkgs-vscode-lldb": "nixpkgs-vscode-lldb",
        "xhmm": "xhmm"
      }
    },
    "rust-analyzer-src": {
      "flake": false,
      "locked": {
        "lastModified": 1699395221,
        "narHash": "sha256-FPuZhacqpdozOpTivkkqITt78S8WzFyXxF+LXW14l20=",
        "owner": "rust-lang",
        "repo": "rust-analyzer",
        "rev": "3b7c7f97e4a7bb253a8d398ee4f8346f6cf2817b",
        "type": "github"
      },
      "original": {
        "owner": "rust-lang",
        "ref": "nightly",
        "repo": "rust-analyzer",
        "type": "github"
      }
    },
    "xhmm": {
      "locked": {
        "lastModified": 1696023180,
        "narHash": "sha256-VrI5icHB1xVW3FzsHkjeAbjA42mC6UOoBxE1ooQOJ3w=",
        "owner": "schuelermine",
        "repo": "xhmm",
        "rev": "3e523ac29aa2324e51af8c6bef6ab9d21b1bd183",
        "type": "github"
      },
      "original": {
        "owner": "schuelermine",
        "ref": "b0",
        "repo": "xhmm",
        "type": "github"
      }
    }
  },
  "root": "root",
  "version": 7
}
