{
  "nodes": {
    "base-modules": {
      "locked": {
        "lastModified": 1659726414,
        "narHash": "sha256-vC3+B0d1djaytFhkA69lUuWAQaAk0tLe1W6rp4WvzHE=",
        "owner": "schuelermine",
        "repo": "nixos-base-modules",
        "rev": "fbb09d364cb441b727f61f2eb8320b7aac76bd60",
        "type": "github"
      },
      "original": {
        "owner": "schuelermine",
        "repo": "nixos-base-modules",
        "type": "github"
      }
    },
    "nix-lib": {
      "locked": {
        "lastModified": 1658176965,
        "narHash": "sha256-egjGnBG8dav04AKQmHxR9zhRiLIAlT5tD4ZD8E5LDnI=",
        "owner": "schuelermine",
        "repo": "nix-lib",
        "rev": "fe724063e361e90c42fdd84f2c15020b9c42da8b",
        "type": "github"
      },
      "original": {
        "owner": "schuelermine",
        "ref": "b0",
        "repo": "nix-lib",
        "type": "github"
      }
    },
    "nixpkgs": {
      "locked": {
        "lastModified": 1662019588,
        "narHash": "sha256-oPEjHKGGVbBXqwwL+UjsveJzghWiWV0n9ogo1X6l4cw=",
        "owner": "NixOS",
        "repo": "nixpkgs",
        "rev": "2da64a81275b68fdad38af669afeda43d401e94b",
        "type": "github"
      },
      "original": {
        "owner": "NixOS",
        "ref": "nixos-unstable",
        "repo": "nixpkgs",
        "type": "github"
      }
    },
    "root": {
      "inputs": {
        "base-modules": "base-modules",
        "nix-lib": "nix-lib",
        "nixpkgs": "nixpkgs"
      }
    }
  },
  "root": "root",
  "version": 7
}
